// !$*UTF8*$!
{
	archiveVersion = 1;
	classes = {
	};
	objectVersion = 50;
	objects = {

/* Begin PBXBuildFile section */
		9186714A22FDCEBB00CF8C2D /* AppDelegate.swift in Sources */ = {isa = PBXBuildFile; fileRef = 9186714922FDCEBB00CF8C2D /* AppDelegate.swift */; };
		9186714F22FDCEBB00CF8C2D /* Main.storyboard in Resources */ = {isa = PBXBuildFile; fileRef = 9186714D22FDCEBB00CF8C2D /* Main.storyboard */; };
		9186715122FDCEBE00CF8C2D /* Assets.xcassets in Resources */ = {isa = PBXBuildFile; fileRef = 9186715022FDCEBE00CF8C2D /* Assets.xcassets */; };
		9186715422FDCEBE00CF8C2D /* LaunchScreen.storyboard in Resources */ = {isa = PBXBuildFile; fileRef = 9186715222FDCEBE00CF8C2D /* LaunchScreen.storyboard */; };
		9186715F22FDCEBE00CF8C2D /* DYTVTests.swift in Sources */ = {isa = PBXBuildFile; fileRef = 9186715E22FDCEBE00CF8C2D /* DYTVTests.swift */; };
		9186716A22FDCEBE00CF8C2D /* DYTVUITests.swift in Sources */ = {isa = PBXBuildFile; fileRef = 9186716922FDCEBE00CF8C2D /* DYTVUITests.swift */; };
		9186719722FE6C3100CF8C2D /* Home.storyboard in Resources */ = {isa = PBXBuildFile; fileRef = 9186719522FE6C3100CF8C2D /* Home.storyboard */; };
		9186719A22FE6C4900CF8C2D /* Live.storyboard in Resources */ = {isa = PBXBuildFile; fileRef = 9186719822FE6C4900CF8C2D /* Live.storyboard */; };
		9186719D22FE6C8100CF8C2D /* Flower.storyboard in Resources */ = {isa = PBXBuildFile; fileRef = 9186719B22FE6C8100CF8C2D /* Flower.storyboard */; };
		918671A022FE6CA300CF8C2D /* Mine.storyboard in Resources */ = {isa = PBXBuildFile; fileRef = 9186719E22FE6CA200CF8C2D /* Mine.storyboard */; };
/* End PBXBuildFile section */

/* Begin PBXContainerItemProxy section */
		9186715B22FDCEBE00CF8C2D /* PBXContainerItemProxy */ = {
			isa = PBXContainerItemProxy;
			containerPortal = 9186713E22FDCEBB00CF8C2D /* Project object */;
			proxyType = 1;
			remoteGlobalIDString = 9186714522FDCEBB00CF8C2D;
			remoteInfo = DYTV;
		};
		9186716622FDCEBE00CF8C2D /* PBXContainerItemProxy */ = {
			isa = PBXContainerItemProxy;
			containerPortal = 9186713E22FDCEBB00CF8C2D /* Project object */;
			proxyType = 1;
			remoteGlobalIDString = 9186714522FDCEBB00CF8C2D;
			remoteInfo = DYTV;
		};
/* End PBXContainerItemProxy section */

/* Begin PBXFileReference section */
		9186714622FDCEBB00CF8C2D /* DYTV.app */ = {isa = PBXFileReference; explicitFileType = wrapper.application; includeInIndex = 0; path = DYTV.app; sourceTree = BUILT_PRODUCTS_DIR; };
		9186714922FDCEBB00CF8C2D /* AppDelegate.swift */ = {isa = PBXFileReference; lastKnownFileType = sourcecode.swift; path = AppDelegate.swift; sourceTree = "<group>"; };
		9186714E22FDCEBB00CF8C2D /* Base */ = {isa = PBXFileReference; lastKnownFileType = file.storyboard; name = Base; path = Base.lproj/Main.storyboard; sourceTree = "<group>"; };
		9186715022FDCEBE00CF8C2D /* Assets.xcassets */ = {isa = PBXFileReference; lastKnownFileType = folder.assetcatalog; path = Assets.xcassets; sourceTree = "<group>"; };
		9186715322FDCEBE00CF8C2D /* Base */ = {isa = PBXFileReference; lastKnownFileType = file.storyboard; name = Base; path = Base.lproj/LaunchScreen.storyboard; sourceTree = "<group>"; };
		9186715522FDCEBE00CF8C2D /* Info.plist */ = {isa = PBXFileReference; lastKnownFileType = text.plist.xml; path = Info.plist; sourceTree = "<group>"; };
		9186715A22FDCEBE00CF8C2D /* DYTVTests.xctest */ = {isa = PBXFileReference; explicitFileType = wrapper.cfbundle; includeInIndex = 0; path = DYTVTests.xctest; sourceTree = BUILT_PRODUCTS_DIR; };
		9186715E22FDCEBE00CF8C2D /* DYTVTests.swift */ = {isa = PBXFileReference; lastKnownFileType = sourcecode.swift; path = DYTVTests.swift; sourceTree = "<group>"; };
		9186716022FDCEBE00CF8C2D /* Info.plist */ = {isa = PBXFileReference; lastKnownFileType = text.plist.xml; path = Info.plist; sourceTree = "<group>"; };
		9186716522FDCEBE00CF8C2D /* DYTVUITests.xctest */ = {isa = PBXFileReference; explicitFileType = wrapper.cfbundle; includeInIndex = 0; path = DYTVUITests.xctest; sourceTree = BUILT_PRODUCTS_DIR; };
		9186716922FDCEBE00CF8C2D /* DYTVUITests.swift */ = {isa = PBXFileReference; lastKnownFileType = sourcecode.swift; path = DYTVUITests.swift; sourceTree = "<group>"; };
		9186716B22FDCEBE00CF8C2D /* Info.plist */ = {isa = PBXFileReference; lastKnownFileType = text.plist.xml; path = Info.plist; sourceTree = "<group>"; };
		9186719622FE6C3100CF8C2D /* Base */ = {isa = PBXFileReference; lastKnownFileType = file.storyboard; name = Base; path = DYTV/Base.lproj/Home.storyboard; sourceTree = "<group>"; };
		9186719922FE6C4900CF8C2D /* Base */ = {isa = PBXFileReference; lastKnownFileType = file.storyboard; name = Base; path = DYTV/Base.lproj/Live.storyboard; sourceTree = "<group>"; };
		9186719C22FE6C8100CF8C2D /* Base */ = {isa = PBXFileReference; lastKnownFileType = file.storyboard; name = Base; path = DYTV/Base.lproj/Flower.storyboard; sourceTree = "<group>"; };
		9186719F22FE6CA300CF8C2D /* Base */ = {isa = PBXFileReference; lastKnownFileType = file.storyboard; name = Base; path = DYTV/Base.lproj/Mine.storyboard; sourceTree = "<group>"; };
/* End PBXFileReference section */

/* Begin PBXFrameworksBuildPhase section */
		9186714322FDCEBB00CF8C2D /* Frameworks */ = {
			isa = PBXFrameworksBuildPhase;
			buildActionMask = 2147483647;
			files = (
			);
			runOnlyForDeploymentPostprocessing = 0;
		};
		9186715722FDCEBE00CF8C2D /* Frameworks */ = {
			isa = PBXFrameworksBuildPhase;
			buildActionMask = 2147483647;
			files = (
			);
			runOnlyForDeploymentPostprocessing = 0;
		};
		9186716222FDCEBE00CF8C2D /* Frameworks */ = {
			isa = PBXFrameworksBuildPhase;
			buildActionMask = 2147483647;
			files = (
			);
			runOnlyForDeploymentPostprocessing = 0;
		};
/* End PBXFrameworksBuildPhase section */

/* Begin PBXGroup section */
		9186713D22FDCEBB00CF8C2D = {
			isa = PBXGroup;
			children = (
				9186714822FDCEBB00CF8C2D /* DYTV */,
				9186715D22FDCEBE00CF8C2D /* DYTVTests */,
				9186716822FDCEBE00CF8C2D /* DYTVUITests */,
				9186714722FDCEBB00CF8C2D /* Products */,
			);
			sourceTree = "<group>";
		};
		9186714722FDCEBB00CF8C2D /* Products */ = {
			isa = PBXGroup;
			children = (
				9186714622FDCEBB00CF8C2D /* DYTV.app */,
				9186715A22FDCEBE00CF8C2D /* DYTVTests.xctest */,
				9186716522FDCEBE00CF8C2D /* DYTVUITests.xctest */,
			);
			name = Products;
			sourceTree = "<group>";
		};
		9186714822FDCEBB00CF8C2D /* DYTV */ = {
			isa = PBXGroup;
			children = (
				9186718522FDDDDD00CF8C2D /* Classes */,
				9186714922FDCEBB00CF8C2D /* AppDelegate.swift */,
				9186715022FDCEBE00CF8C2D /* Assets.xcassets */,
				9186715222FDCEBE00CF8C2D /* LaunchScreen.storyboard */,
				9186715522FDCEBE00CF8C2D /* Info.plist */,
			);
			path = DYTV;
			sourceTree = "<group>";
		};
		9186715D22FDCEBE00CF8C2D /* DYTVTests */ = {
			isa = PBXGroup;
			children = (
				9186715E22FDCEBE00CF8C2D /* DYTVTests.swift */,
				9186716022FDCEBE00CF8C2D /* Info.plist */,
			);
			path = DYTVTests;
			sourceTree = "<group>";
		};
		9186716822FDCEBE00CF8C2D /* DYTVUITests */ = {
			isa = PBXGroup;
			children = (
				9186716922FDCEBE00CF8C2D /* DYTVUITests.swift */,
				9186716B22FDCEBE00CF8C2D /* Info.plist */,
			);
			path = DYTVUITests;
			sourceTree = "<group>";
		};
		9186718522FDDDDD00CF8C2D /* Classes */ = {
			isa = PBXGroup;
			children = (
				9186718622FDDDDD00CF8C2D /* Home */,
				9186718922FDDDDD00CF8C2D /* Live */,
				9186718722FDDDDD00CF8C2D /* Follow */,
				9186718822FDDDDD00CF8C2D /* Profile */,
				9186718A22FDDDDD00CF8C2D /* Main */,
				9186718B22FDDDDD00CF8C2D /* Tool */,
			);
			path = Classes;
			sourceTree = "<group>";
		};
		9186718622FDDDDD00CF8C2D /* Home */ = {
			isa = PBXGroup;
			children = (
				9186719522FE6C3100CF8C2D /* Home.storyboard */,
			);
			path = Home;
			sourceTree = "<group>";
		};
		9186718722FDDDDD00CF8C2D /* Follow */ = {
			isa = PBXGroup;
			children = (
				9186719B22FE6C8100CF8C2D /* Flower.storyboard */,
			);
			path = Follow;
			sourceTree = "<group>";
		};
		9186718822FDDDDD00CF8C2D /* Profile */ = {
			isa = PBXGroup;
			children = (
				9186719E22FE6CA200CF8C2D /* Mine.storyboard */,
			);
			path = Profile;
			sourceTree = "<group>";
		};
		9186718922FDDDDD00CF8C2D /* Live */ = {
			isa = PBXGroup;
			children = (
				9186719822FE6C4900CF8C2D /* Live.storyboard */,
			);
			path = Live;
			sourceTree = "<group>";
		};
		9186718A22FDDDDD00CF8C2D /* Main */ = {
			isa = PBXGroup;
			children = (
				9186714D22FDCEBB00CF8C2D /* Main.storyboard */,
			);
			path = Main;
			sourceTree = "<group>";
		};
		9186718B22FDDDDD00CF8C2D /* Tool */ = {
			isa = PBXGroup;
			children = (
			);
			path = Tool;
			sourceTree = "<group>";
		};
/* End PBXGroup section */

/* Begin PBXNativeTarget section */
		9186714522FDCEBB00CF8C2D /* DYTV */ = {
			isa = PBXNativeTarget;
			buildConfigurationList = 9186716E22FDCEBE00CF8C2D /* Build configuration list for PBXNativeTarget "DYTV" */;
			buildPhases = (
				9186714222FDCEBB00CF8C2D /* Sources */,
				9186714322FDCEBB00CF8C2D /* Frameworks */,
				9186714422FDCEBB00CF8C2D /* Resources */,
			);
			buildRules = (
			);
			dependencies = (
			);
			name = DYTV;
			productName = DYTV;
			productReference = 9186714622FDCEBB00CF8C2D /* DYTV.app */;
			productType = "com.apple.product-type.application";
		};
		9186715922FDCEBE00CF8C2D /* DYTVTests */ = {
			isa = PBXNativeTarget;
			buildConfigurationList = 9186717122FDCEBE00CF8C2D /* Build configuration list for PBXNativeTarget "DYTVTests" */;
			buildPhases = (
				9186715622FDCEBE00CF8C2D /* Sources */,
				9186715722FDCEBE00CF8C2D /* Frameworks */,
				9186715822FDCEBE00CF8C2D /* Resources */,
			);
			buildRules = (
			);
			dependencies = (
				9186715C22FDCEBE00CF8C2D /* PBXTargetDependency */,
			);
			name = DYTVTests;
			productName = DYTVTests;
			productReference = 9186715A22FDCEBE00CF8C2D /* DYTVTests.xctest */;
			productType = "com.apple.product-type.bundle.unit-test";
		};
		9186716422FDCEBE00CF8C2D /* DYTVUITests */ = {
			isa = PBXNativeTarget;
			buildConfigurationList = 9186717422FDCEBE00CF8C2D /* Build configuration list for PBXNativeTarget "DYTVUITests" */;
			buildPhases = (
				9186716122FDCEBE00CF8C2D /* Sources */,
				9186716222FDCEBE00CF8C2D /* Frameworks */,
				9186716322FDCEBE00CF8C2D /* Resources */,
			);
			buildRules = (
			);
			dependencies = (
				9186716722FDCEBE00CF8C2D /* PBXTargetDependency */,
			);
			name = DYTVUITests;
			productName = DYTVUITests;
			productReference = 9186716522FDCEBE00CF8C2D /* DYTVUITests.xctest */;
			productType = "com.apple.product-type.bundle.ui-testing";
		};
/* End PBXNativeTarget section */

/* Begin PBXProject section */
		9186713E22FDCEBB00CF8C2D /* Project object */ = {
			isa = PBXProject;
			attributes = {
				LastSwiftUpdateCheck = 1030;
				LastUpgradeCheck = 1030;
				ORGANIZATIONNAME = seeworld;
				TargetAttributes = {
					9186714522FDCEBB00CF8C2D = {
						CreatedOnToolsVersion = 10.3;
					};
					9186715922FDCEBE00CF8C2D = {
						CreatedOnToolsVersion = 10.3;
						TestTargetID = 9186714522FDCEBB00CF8C2D;
					};
					9186716422FDCEBE00CF8C2D = {
						CreatedOnToolsVersion = 10.3;
						TestTargetID = 9186714522FDCEBB00CF8C2D;
					};
				};
			};
			buildConfigurationList = 9186714122FDCEBB00CF8C2D /* Build configuration list for PBXProject "DYTV" */;
			compatibilityVersion = "Xcode 9.3";
			developmentRegion = en;
			hasScannedForEncodings = 0;
			knownRegions = (
				en,
				Base,
			);
			mainGroup = 9186713D22FDCEBB00CF8C2D;
			productRefGroup = 9186714722FDCEBB00CF8C2D /* Products */;
			projectDirPath = "";
			projectRoot = "";
			targets = (
				9186714522FDCEBB00CF8C2D /* DYTV */,
				9186715922FDCEBE00CF8C2D /* DYTVTests */,
				9186716422FDCEBE00CF8C2D /* DYTVUITests */,
			);
		};
/* End PBXProject section */

/* Begin PBXResourcesBuildPhase section */
		9186714422FDCEBB00CF8C2D /* Resources */ = {
			isa = PBXResourcesBuildPhase;
			buildActionMask = 2147483647;
			files = (
				9186715422FDCEBE00CF8C2D /* LaunchScreen.storyboard in Resources */,
				9186715122FDCEBE00CF8C2D /* Assets.xcassets in Resources */,
				9186714F22FDCEBB00CF8C2D /* Main.storyboard in Resources */,
				9186719D22FE6C8100CF8C2D /* Flower.storyboard in Resources */,
				918671A022FE6CA300CF8C2D /* Mine.storyboard in Resources */,
				9186719A22FE6C4900CF8C2D /* Live.storyboard in Resources */,
				9186719722FE6C3100CF8C2D /* Home.storyboard in Resources */,
			);
			runOnlyForDeploymentPostprocessing = 0;
		};
		9186715822FDCEBE00CF8C2D /* Resources */ = {
			isa = PBXResourcesBuildPhase;
			buildActionMask = 2147483647;
			files = (
			);
			runOnlyForDeploymentPostprocessing = 0;
		};
		9186716322FDCEBE00CF8C2D /* Resources */ = {
			isa = PBXResourcesBuildPhase;
			buildActionMask = 2147483647;
			files = (
			);
			runOnlyForDeploymentPostprocessing = 0;
		};
/* End PBXResourcesBuildPhase section */

/* Begin PBXSourcesBuildPhase section */
		9186714222FDCEBB00CF8C2D /* Sources */ = {
			isa = PBXSourcesBuildPhase;
			buildActionMask = 2147483647;
			files = (
				9186714A22FDCEBB00CF8C2D /* AppDelegate.swift in Sources */,
			);
			runOnlyForDeploymentPostprocessing = 0;
		};
		9186715622FDCEBE00CF8C2D /* Sources */ = {
			isa = PBXSourcesBuildPhase;
			buildActionMask = 2147483647;
			files = (
				9186715F22FDCEBE00CF8C2D /* DYTVTests.swift in Sources */,
			);
			runOnlyForDeploymentPostprocessing = 0;
		};
		9186716122FDCEBE00CF8C2D /* Sources */ = {
			isa = PBXSourcesBuildPhase;
			buildActionMask = 2147483647;
			files = (
				9186716A22FDCEBE00CF8C2D /* DYTVUITests.swift in Sources */,
			);
			runOnlyForDeploymentPostprocessing = 0;
		};
/* End PBXSourcesBuildPhase section */

/* Begin PBXTargetDependency section */
		9186715C22FDCEBE00CF8C2D /* PBXTargetDependency */ = {
			isa = PBXTargetDependency;
			target = 9186714522FDCEBB00CF8C2D /* DYTV */;
			targetProxy = 9186715B22FDCEBE00CF8C2D /* PBXContainerItemProxy */;
		};
		9186716722FDCEBE00CF8C2D /* PBXTargetDependency */ = {
			isa = PBXTargetDependency;
			target = 9186714522FDCEBB00CF8C2D /* DYTV */;
			targetProxy = 9186716622FDCEBE00CF8C2D /* PBXContainerItemProxy */;
		};
/* End PBXTargetDependency section */

/* Begin PBXVariantGroup section */
		9186714D22FDCEBB00CF8C2D /* Main.storyboard */ = {
			isa = PBXVariantGroup;
			children = (
				9186714E22FDCEBB00CF8C2D /* Base */,
			);
			name = Main.storyboard;
			sourceTree = "<group>";
		};
		9186715222FDCEBE00CF8C2D /* LaunchScreen.storyboard */ = {
			isa = PBXVariantGroup;
			children = (
				9186715322FDCEBE00CF8C2D /* Base */,
			);
			name = LaunchScreen.storyboard;
			sourceTree = "<group>";
		};
		9186719522FE6C3100CF8C2D /* Home.storyboard */ = {
			isa = PBXVariantGroup;
			children = (
				9186719622FE6C3100CF8C2D /* Base */,
			);
			name = Home.storyboard;
			sourceTree = "<group>";
		};
		9186719822FE6C4900CF8C2D /* Live.storyboard */ = {
			isa = PBXVariantGroup;
			children = (
				9186719922FE6C4900CF8C2D /* Base */,
			);
			name = Live.storyboard;
			sourceTree = "<group>";
		};
		9186719B22FE6C8100CF8C2D /* Flower.storyboard */ = {
			isa = PBXVariantGroup;
			children = (
				9186719C22FE6C8100CF8C2D /* Base */,
			);
			name = Flower.storyboard;
			sourceTree = "<group>";
		};
		9186719E22FE6CA200CF8C2D /* Mine.storyboard */ = {
			isa = PBXVariantGroup;
			children = (
				9186719F22FE6CA300CF8C2D /* Base */,
			);
			name = Mine.storyboard;
			sourceTree = "<group>";
		};
/* End PBXVariantGroup section */

/* Begin XCBuildConfiguration section */
		9186716C22FDCEBE00CF8C2D /* Debug */ = {
			isa = XCBuildConfiguration;
			buildSettings = {
				ALWAYS_SEARCH_USER_PATHS = NO;
				CLANG_ANALYZER_NONNULL = YES;
				CLANG_ANALYZER_NUMBER_OBJECT_CONVERSION = YES_AGGRESSIVE;
				CLANG_CXX_LANGUAGE_STANDARD = "gnu++14";
				CLANG_CXX_LIBRARY = "libc++";
				CLANG_ENABLE_MODULES = YES;
				CLANG_ENABLE_OBJC_ARC = YES;
				CLANG_ENABLE_OBJC_WEAK = YES;
				CLANG_WARN_BLOCK_CAPTURE_AUTORELEASING = YES;
				CLANG_WARN_BOOL_CONVERSION = YES;
				CLANG_WARN_COMMA = YES;
				CLANG_WARN_CONSTANT_CONVERSION = YES;
				CLANG_WARN_DEPRECATED_OBJC_IMPLEMENTATIONS = YES;
				CLANG_WARN_DIRECT_OBJC_ISA_USAGE = YES_ERROR;
				CLANG_WARN_DOCUMENTATION_COMMENTS = YES;
				CLANG_WARN_EMPTY_BODY = YES;
				CLANG_WARN_ENUM_CONVERSION = YES;
				CLANG_WARN_INFINITE_RECURSION = YES;
				CLANG_WARN_INT_CONVERSION = YES;
				CLANG_WARN_NON_LITERAL_NULL_CONVERSION = YES;
				CLANG_WARN_OBJC_IMPLICIT_RETAIN_SELF = YES;
				CLANG_WARN_OBJC_LITERAL_CONVERSION = YES;
				CLANG_WARN_OBJC_ROOT_CLASS = YES_ERROR;
				CLANG_WARN_RANGE_LOOP_ANALYSIS = YES;
				CLANG_WARN_STRICT_PROTOTYPES = YES;
				CLANG_WARN_SUSPICIOUS_MOVE = YES;
				CLANG_WARN_UNGUARDED_AVAILABILITY = YES_AGGRESSIVE;
				CLANG_WARN_UNREACHABLE_CODE = YES;
				CLANG_WARN__DUPLICATE_METHOD_MATCH = YES;
				CODE_SIGN_IDENTITY = "iPhone Developer";
				COPY_PHASE_STRIP = NO;
				DEBUG_INFORMATION_FORMAT = dwarf;
				ENABLE_STRICT_OBJC_MSGSEND = YES;
				ENABLE_TESTABILITY = YES;
				GCC_C_LANGUAGE_STANDARD = gnu11;
				GCC_DYNAMIC_NO_PIC = NO;
				GCC_NO_COMMON_BLOCKS = YES;
				GCC_OPTIMIZATION_LEVEL = 0;
				GCC_PREPROCESSOR_DEFINITIONS = (
					"DEBUG=1",
					"$(inherited)",
				);
				GCC_WARN_64_TO_32_BIT_CONVERSION = YES;
				GCC_WARN_ABOUT_RETURN_TYPE = YES_ERROR;
				GCC_WARN_UNDECLARED_SELECTOR = YES;
				GCC_WARN_UNINITIALIZED_AUTOS = YES_AGGRESSIVE;
				GCC_WARN_UNUSED_FUNCTION = YES;
				GCC_WARN_UNUSED_VARIABLE = YES;
				IPHONEOS_DEPLOYMENT_TARGET = 12.4;
				MTL_ENABLE_DEBUG_INFO = INCLUDE_SOURCE;
				MTL_FAST_MATH = YES;
				ONLY_ACTIVE_ARCH = YES;
				SDKROOT = iphoneos;
				SWIFT_ACTIVE_COMPILATION_CONDITIONS = DEBUG;
				SWIFT_OPTIMIZATION_LEVEL = "-Onone";
			};
			name = Debug;
		};
		9186716D22FDCEBE00CF8C2D /* Release */ = {
			isa = XCBuildConfiguration;
			buildSettings = {
				ALWAYS_SEARCH_USER_PATHS = NO;
				CLANG_ANALYZER_NONNULL = YES;
				CLANG_ANALYZER_NUMBER_OBJECT_CONVERSION = YES_AGGRESSIVE;
				CLANG_CXX_LANGUAGE_STANDARD = "gnu++14";
				CLANG_CXX_LIBRARY = "libc++";
				CLANG_ENABLE_MODULES = YES;
				CLANG_ENABLE_OBJC_ARC = YES;
				CLANG_ENABLE_OBJC_WEAK = YES;
				CLANG_WARN_BLOCK_CAPTURE_AUTORELEASING = YES;
				CLANG_WARN_BOOL_CONVERSION = YES;
				CLANG_WARN_COMMA = YES;
				CLANG_WARN_CONSTANT_CONVERSION = YES;
				CLANG_WARN_DEPRECATED_OBJC_IMPLEMENTATIONS = YES;
				CLANG_WARN_DIRECT_OBJC_ISA_USAGE = YES_ERROR;
				CLANG_WARN_DOCUMENTATION_COMMENTS = YES;
				CLANG_WARN_EMPTY_BODY = YES;
				CLANG_WARN_ENUM_CONVERSION = YES;
				CLANG_WARN_INFINITE_RECURSION = YES;
				CLANG_WARN_INT_CONVERSION = YES;
				CLANG_WARN_NON_LITERAL_NULL_CONVERSION = YES;
				CLANG_WARN_OBJC_IMPLICIT_RETAIN_SELF = YES;
				CLANG_WARN_OBJC_LITERAL_CONVERSION = YES;
				CLANG_WARN_OBJC_ROOT_CLASS = YES_ERROR;
				CLANG_WARN_RANGE_LOOP_ANALYSIS = YES;
				CLANG_WARN_STRICT_PROTOTYPES = YES;
				CLANG_WARN_SUSPICIOUS_MOVE = YES;
				CLANG_WARN_UNGUARDED_AVAILABILITY = YES_AGGRESSIVE;
				CLANG_WARN_UNREACHABLE_CODE = YES;
				CLANG_WARN__DUPLICATE_METHOD_MATCH = YES;
				CODE_SIGN_IDENTITY = "iPhone Developer";
				COPY_PHASE_STRIP = NO;
				DEBUG_INFORMATION_FORMAT = "dwarf-with-dsym";
				ENABLE_NS_ASSERTIONS = NO;
				ENABLE_STRICT_OBJC_MSGSEND = YES;
				GCC_C_LANGUAGE_STANDARD = gnu11;
				GCC_NO_COMMON_BLOCKS = YES;
				GCC_WARN_64_TO_32_BIT_CONVERSION = YES;
				GCC_WARN_ABOUT_RETURN_TYPE = YES_ERROR;
				GCC_WARN_UNDECLARED_SELECTOR = YES;
				GCC_WARN_UNINITIALIZED_AUTOS = YES_AGGRESSIVE;
				GCC_WARN_UNUSED_FUNCTION = YES;
				GCC_WARN_UNUSED_VARIABLE = YES;
				IPHONEOS_DEPLOYMENT_TARGET = 12.4;
				MTL_ENABLE_DEBUG_INFO = NO;
				MTL_FAST_MATH = YES;
				SDKROOT = iphoneos;
				SWIFT_COMPILATION_MODE = wholemodule;
				SWIFT_OPTIMIZATION_LEVEL = "-O";
				VALIDATE_PRODUCT = YES;
			};
			name = Release;
		};
		9186716F22FDCEBE00CF8C2D /* Debug */ = {
			isa = XCBuildConfiguration;
			buildSettings = {
				ASSETCATALOG_COMPILER_APPICON_NAME = AppIcon;
				ASSETCATALOG_COMPILER_LAUNCHIMAGE_NAME = LaunchImage;
				CODE_SIGN_STYLE = Automatic;
				DEVELOPMENT_TEAM = 82659ZG7A7;
				INFOPLIST_FILE = DYTV/Info.plist;
				IPHONEOS_DEPLOYMENT_TARGET = 9.0;
				LD_RUNPATH_SEARCH_PATHS = (
					"$(inherited)",
					"@executable_path/Frameworks",
				);
				PRODUCT_BUNDLE_IDENTIFIER = com.gsb;
				PRODUCT_NAME = "$(TARGET_NAME)";
				SWIFT_VERSION = 5.0;
				TARGETED_DEVICE_FAMILY = "1,2";
			};
			name = Debug;
		};
		9186717022FDCEBE00CF8C2D /* Release */ = {
			isa = XCBuildConfiguration;
			buildSettings = {
				ASSETCATALOG_COMPILER_APPICON_NAME = AppIcon;
				ASSETCATALOG_COMPILER_LAUNCHIMAGE_NAME = LaunchImage;
				CODE_SIGN_STYLE = Automatic;
				DEVELOPMENT_TEAM = 82659ZG7A7;
				INFOPLIST_FILE = DYTV/Info.plist;
				IPHONEOS_DEPLOYMENT_TARGET = 9.0;
				LD_RUNPATH_SEARCH_PATHS = (
					"$(inherited)",
					"@executable_path/Frameworks",
				);
				PRODUCT_BUNDLE_IDENTIFIER = com.gsb;
				PRODUCT_NAME = "$(TARGET_NAME)";
				SWIFT_VERSION = 5.0;
				TARGETED_DEVICE_FAMILY = "1,2";
			};
			name = Release;
		};
		9186717222FDCEBE00CF8C2D /* Debug */ = {
			isa = XCBuildConfiguration;
			buildSettings = {
				ALWAYS_EMBED_SWIFT_STANDARD_LIBRARIES = YES;
				BUNDLE_LOADER = "$(TEST_HOST)";
				CODE_SIGN_STYLE = Automatic;
				DEVELOPMENT_TEAM = 82659ZG7A7;
				INFOPLIST_FILE = DYTVTests/Info.plist;
				LD_RUNPATH_SEARCH_PATHS = (
					"$(inherited)",
					"@executable_path/Frameworks",
					"@loader_path/Frameworks",
				);
				PRODUCT_BUNDLE_IDENTIFIER = com.gsb.DYTVTests;
				PRODUCT_NAME = "$(TARGET_NAME)";
				SWIFT_VERSION = 5.0;
				TARGETED_DEVICE_FAMILY = "1,2";
				TEST_HOST = "$(BUILT_PRODUCTS_DIR)/DYTV.app/DYTV";
			};
			name = Debug;
		};
		9186717322FDCEBE00CF8C2D /* Release */ = {
			isa = XCBuildConfiguration;
			buildSettings = {
				ALWAYS_EMBED_SWIFT_STANDARD_LIBRARIES = YES;
				BUNDLE_LOADER = "$(TEST_HOST)";
				CODE_SIGN_STYLE = Automatic;
				DEVELOPMENT_TEAM = 82659ZG7A7;
				INFOPLIST_FILE = DYTVTests/Info.plist;
				LD_RUNPATH_SEARCH_PATHS = (
					"$(inherited)",
					"@executable_path/Frameworks",
					"@loader_path/Frameworks",
				);
				PRODUCT_BUNDLE_IDENTIFIER = com.gsb.DYTVTests;
				PRODUCT_NAME = "$(TARGET_NAME)";
				SWIFT_VERSION = 5.0;
				TARGETED_DEVICE_FAMILY = "1,2";
				TEST_HOST = "$(BUILT_PRODUCTS_DIR)/DYTV.app/DYTV";
			};
			name = Release;
		};
		9186717522FDCEBE00CF8C2D /* Debug */ = {
			isa = XCBuildConfiguration;
			buildSettings = {
				ALWAYS_EMBED_SWIFT_STANDARD_LIBRARIES = YES;
				CODE_SIGN_STYLE = Automatic;
				DEVELOPMENT_TEAM = 82659ZG7A7;
				INFOPLIST_FILE = DYTVUITests/Info.plist;
				LD_RUNPATH_SEARCH_PATHS = (
					"$(inherited)",
					"@executable_path/Frameworks",
					"@loader_path/Frameworks",
				);
				PRODUCT_BUNDLE_IDENTIFIER = com.gsb.DYTVUITests;
				PRODUCT_NAME = "$(TARGET_NAME)";
				SWIFT_VERSION = 5.0;
				TARGETED_DEVICE_FAMILY = "1,2";
				TEST_TARGET_NAME = DYTV;
			};
			name = Debug;
		};
		9186717622FDCEBE00CF8C2D /* Release */ = {
			isa = XCBuildConfiguration;
			buildSettings = {
				ALWAYS_EMBED_SWIFT_STANDARD_LIBRARIES = YES;
				CODE_SIGN_STYLE = Automatic;
				DEVELOPMENT_TEAM = 82659ZG7A7;
				INFOPLIST_FILE = DYTVUITests/Info.plist;
				LD_RUNPATH_SEARCH_PATHS = (
					"$(inherited)",
					"@executable_path/Frameworks",
					"@loader_path/Frameworks",
				);
				PRODUCT_BUNDLE_IDENTIFIER = com.gsb.DYTVUITests;
				PRODUCT_NAME = "$(TARGET_NAME)";
				SWIFT_VERSION = 5.0;
				TARGETED_DEVICE_FAMILY = "1,2";
				TEST_TARGET_NAME = DYTV;
			};
			name = Release;
		};
/* End XCBuildConfiguration section */

/* Begin XCConfigurationList section */
		9186714122FDCEBB00CF8C2D /* Build configuration list for PBXProject "DYTV" */ = {
			isa = XCConfigurationList;
			buildConfigurations = (
				9186716C22FDCEBE00CF8C2D /* Debug */,
				9186716D22FDCEBE00CF8C2D /* Release */,
			);
			defaultConfigurationIsVisible = 0;
			defaultConfigurationName = Release;
		};
		9186716E22FDCEBE00CF8C2D /* Build configuration list for PBXNativeTarget "DYTV" */ = {
			isa = XCConfigurationList;
			buildConfigurations = (
				9186716F22FDCEBE00CF8C2D /* Debug */,
				9186717022FDCEBE00CF8C2D /* Release */,
			);
			defaultConfigurationIsVisible = 0;
			defaultConfigurationName = Release;
		};
		9186717122FDCEBE00CF8C2D /* Build configuration list for PBXNativeTarget "DYTVTests" */ = {
			isa = XCConfigurationList;
			buildConfigurations = (
				9186717222FDCEBE00CF8C2D /* Debug */,
				9186717322FDCEBE00CF8C2D /* Release */,
			);
			defaultConfigurationIsVisible = 0;
			defaultConfigurationName = Release;
		};
		9186717422FDCEBE00CF8C2D /* Build configuration list for PBXNativeTarget "DYTVUITests" */ = {
			isa = XCConfigurationList;
			buildConfigurations = (
				9186717522FDCEBE00CF8C2D /* Debug */,
				9186717622FDCEBE00CF8C2D /* Release */,
			);
			defaultConfigurationIsVisible = 0;
			defaultConfigurationName = Release;
		};
/* End XCConfigurationList section */
	};
	rootObject = 9186713E22FDCEBB00CF8C2D /* Project object */;
}
